
Microsoft Visual Studio Solution File, Format Version 12.00
# Visual Studio Version 16
VisualStudioVersion = 16.0.31624.102
MinimumVisualStudioVersion = 10.0.40219.1
Project("{FAE04EC0-301F-11D3-BF4B-00C04F79EFBC}") = "MCParodyLauncher", "MCParodyLauncher\MCParodyLauncher.csproj", "{666DAD3D-1405-4AA6-BCFE-AAEAC907D115}"
EndProject
Global
	GlobalSection(SolutionConfigurationPlatforms) = preSolution
		Debug|Any CPU = Debug|Any CPU
		Release|Any CPU = Release|Any CPU
	EndGlobalSection
	GlobalSection(ProjectConfigurationPlatforms) = postSolution
		{666DAD3D-1405-4AA6-BCFE-AAEAC907D115}.Debug|Any CPU.ActiveCfg = Debug|Any CPU
		{666DAD3D-1405-4AA6-BCFE-AAEAC907D115}.Debug|Any CPU.Build.0 = Debug|Any CPU
		{666DAD3D-1405-4AA6-BCFE-AAEAC907D115}.Release|Any CPU.ActiveCfg = Release|Any CPU
		{666DAD3D-1405-4AA6-BCFE-AAEAC907D115}.Release|Any CPU.Build.0 = Release|Any CPU
	EndGlobalSection
	GlobalSection(SolutionProperties) = preSolution
		HideSolutionNode = FALSE
	EndGlobalSection
	GlobalSection(ExtensibilityGlobals) = postSolution
		SolutionGuid = {C3963F87-23BE-44C3-85B7-9814B3BC42CC}
	EndGlobalSection
EndGlobal
